
Microsoft Visual Studio Solution File, Format Version 12.00
# Visual Studio 14
VisualStudioVersion = 14.0.25123.0
MinimumVisualStudioVersion = 10.0.40219.1
Project("{FAE04EC0-301F-11D3-BF4B-00C04F79EFBC}") = "AstroApp.Model", "AstroApp.Model\AstroApp.Model.csproj", "{0714E637-BE8E-4346-A84F-AA39E75CBA8F}"
EndProject
Project("{FAE04EC0-301F-11D3-BF4B-00C04F79EFBC}") = "AstroApp.DataRetriever", "AstroApp.DataRetriever\AstroApp.DataRetriever.csproj", "{E9D04C63-F90E-4B71-9B28-98B44C35D53C}"
EndProject
Project("{FAE04EC0-301F-11D3-BF4B-00C04F79EFBC}") = "AstroApp.DataRetriever.MHDJ", "AstroApp.DataRetriever.MHDJ\AstroApp.DataRetriever.MHDJ.csproj", "{FCD02F6A-69C2-496C-9AEC-822F4977C96F}"
EndProject
Project("{FAE04EC0-301F-11D3-BF4B-00C04F79EFBC}") = "AstroApp", "AstroApp\AstroApp.csproj", "{329B1795-D8F5-4B6B-A9A0-E29AC7D50863}"
EndProject
Global
	GlobalSection(SolutionConfigurationPlatforms) = preSolution
		Debug|Any CPU = Debug|Any CPU
		Debug|ARM = Debug|ARM
		Debug|x64 = Debug|x64
		Debug|x86 = Debug|x86
		Release|Any CPU = Release|Any CPU
		Release|ARM = Release|ARM
		Release|x64 = Release|x64
		Release|x86 = Release|x86
	EndGlobalSection
	GlobalSection(ProjectConfigurationPlatforms) = postSolution
		{0714E637-BE8E-4346-A84F-AA39E75CBA8F}.Debug|Any CPU.ActiveCfg = Debug|Any CPU
		{0714E637-BE8E-4346-A84F-AA39E75CBA8F}.Debug|Any CPU.Build.0 = Debug|Any CPU
		{0714E637-BE8E-4346-A84F-AA39E75CBA8F}.Debug|ARM.ActiveCfg = Debug|Any CPU
		{0714E637-BE8E-4346-A84F-AA39E75CBA8F}.Debug|ARM.Build.0 = Debug|Any CPU
		{0714E637-BE8E-4346-A84F-AA39E75CBA8F}.Debug|x64.ActiveCfg = Debug|Any CPU
		{0714E637-BE8E-4346-A84F-AA39E75CBA8F}.Debug|x64.Build.0 = Debug|Any CPU
		{0714E637-BE8E-4346-A84F-AA39E75CBA8F}.Debug|x86.ActiveCfg = Debug|Any CPU
		{0714E637-BE8E-4346-A84F-AA39E75CBA8F}.Debug|x86.Build.0 = Debug|Any CPU
		{0714E637-BE8E-4346-A84F-AA39E75CBA8F}.Release|Any CPU.ActiveCfg = Release|Any CPU
		{0714E637-BE8E-4346-A84F-AA39E75CBA8F}.Release|Any CPU.Build.0 = Release|Any CPU
		{0714E637-BE8E-4346-A84F-AA39E75CBA8F}.Release|ARM.ActiveCfg = Release|Any CPU
		{0714E637-BE8E-4346-A84F-AA39E75CBA8F}.Release|ARM.Build.0 = Release|Any CPU
		{0714E637-BE8E-4346-A84F-AA39E75CBA8F}.Release|x64.ActiveCfg = Release|Any CPU
		{0714E637-BE8E-4346-A84F-AA39E75CBA8F}.Release|x64.Build.0 = Release|Any CPU
		{0714E637-BE8E-4346-A84F-AA39E75CBA8F}.Release|x86.ActiveCfg = Release|Any CPU
		{0714E637-BE8E-4346-A84F-AA39E75CBA8F}.Release|x86.Build.0 = Release|Any CPU
		{E9D04C63-F90E-4B71-9B28-98B44C35D53C}.Debug|Any CPU.ActiveCfg = Debug|Any CPU
		{E9D04C63-F90E-4B71-9B28-98B44C35D53C}.Debug|Any CPU.Build.0 = Debug|Any CPU
		{E9D04C63-F90E-4B71-9B28-98B44C35D53C}.Debug|ARM.ActiveCfg = Debug|Any CPU
		{E9D04C63-F90E-4B71-9B28-98B44C35D53C}.Debug|ARM.Build.0 = Debug|Any CPU
		{E9D04C63-F90E-4B71-9B28-98B44C35D53C}.Debug|x64.ActiveCfg = Debug|Any CPU
		{E9D04C63-F90E-4B71-9B28-98B44C35D53C}.Debug|x64.Build.0 = Debug|Any CPU
		{E9D04C63-F90E-4B71-9B28-98B44C35D53C}.Debug|x86.ActiveCfg = Debug|Any CPU
		{E9D04C63-F90E-4B71-9B28-98B44C35D53C}.Debug|x86.Build.0 = Debug|Any CPU
		{E9D04C63-F90E-4B71-9B28-98B44C35D53C}.Release|Any CPU.ActiveCfg = Release|Any CPU
		{E9D04C63-F90E-4B71-9B28-98B44C35D53C}.Release|Any CPU.Build.0 = Release|Any CPU
		{E9D04C63-F90E-4B71-9B28-98B44C35D53C}.Release|ARM.ActiveCfg = Release|Any CPU
		{E9D04C63-F90E-4B71-9B28-98B44C35D53C}.Release|ARM.Build.0 = Release|Any CPU
		{E9D04C63-F90E-4B71-9B28-98B44C35D53C}.Release|x64.ActiveCfg = Release|Any CPU
		{E9D04C63-F90E-4B71-9B28-98B44C35D53C}.Release|x64.Build.0 = Release|Any CPU
		{E9D04C63-F90E-4B71-9B28-98B44C35D53C}.Release|x86.ActiveCfg = Release|Any CPU
		{E9D04C63-F90E-4B71-9B28-98B44C35D53C}.Release|x86.Build.0 = Release|Any CPU
		{FCD02F6A-69C2-496C-9AEC-822F4977C96F}.Debug|Any CPU.ActiveCfg = Debug|Any CPU
		{FCD02F6A-69C2-496C-9AEC-822F4977C96F}.Debug|Any CPU.Build.0 = Debug|Any CPU
		{FCD02F6A-69C2-496C-9AEC-822F4977C96F}.Debug|ARM.ActiveCfg = Debug|Any CPU
		{FCD02F6A-69C2-496C-9AEC-822F4977C96F}.Debug|ARM.Build.0 = Debug|Any CPU
		{FCD02F6A-69C2-496C-9AEC-822F4977C96F}.Debug|x64.ActiveCfg = Debug|Any CPU
		{FCD02F6A-69C2-496C-9AEC-822F4977C96F}.Debug|x64.Build.0 = Debug|Any CPU
		{FCD02F6A-69C2-496C-9AEC-822F4977C96F}.Debug|x86.ActiveCfg = Debug|Any CPU
		{FCD02F6A-69C2-496C-9AEC-822F4977C96F}.Debug|x86.Build.0 = Debug|Any CPU
		{FCD02F6A-69C2-496C-9AEC-822F4977C96F}.Release|Any CPU.ActiveCfg = Release|Any CPU
		{FCD02F6A-69C2-496C-9AEC-822F4977C96F}.Release|Any CPU.Build.0 = Release|Any CPU
		{FCD02F6A-69C2-496C-9AEC-822F4977C96F}.Release|ARM.ActiveCfg = Release|Any CPU
		{FCD02F6A-69C2-496C-9AEC-822F4977C96F}.Release|ARM.Build.0 = Release|Any CPU
		{FCD02F6A-69C2-496C-9AEC-822F4977C96F}.Release|x64.ActiveCfg = Release|Any CPU
		{FCD02F6A-69C2-496C-9AEC-822F4977C96F}.Release|x64.Build.0 = Release|Any CPU
		{FCD02F6A-69C2-496C-9AEC-822F4977C96F}.Release|x86.ActiveCfg = Release|Any CPU
		{FCD02F6A-69C2-496C-9AEC-822F4977C96F}.Release|x86.Build.0 = Release|Any CPU
		{329B1795-D8F5-4B6B-A9A0-E29AC7D50863}.Debug|Any CPU.ActiveCfg = Debug|x86
		{329B1795-D8F5-4B6B-A9A0-E29AC7D50863}.Debug|ARM.ActiveCfg = Debug|ARM
		{329B1795-D8F5-4B6B-A9A0-E29AC7D50863}.Debug|ARM.Build.0 = Debug|ARM
		{329B1795-D8F5-4B6B-A9A0-E29AC7D50863}.Debug|ARM.Deploy.0 = Debug|ARM
		{329B1795-D8F5-4B6B-A9A0-E29AC7D50863}.Debug|x64.ActiveCfg = Debug|x64
		{329B1795-D8F5-4B6B-A9A0-E29AC7D50863}.Debug|x64.Build.0 = Debug|x64
		{329B1795-D8F5-4B6B-A9A0-E29AC7D50863}.Debug|x64.Deploy.0 = Debug|x64
		{329B1795-D8F5-4B6B-A9A0-E29AC7D50863}.Debug|x86.ActiveCfg = Debug|x86
		{329B1795-D8F5-4B6B-A9A0-E29AC7D50863}.Debug|x86.Build.0 = Debug|x86
		{329B1795-D8F5-4B6B-A9A0-E29AC7D50863}.Debug|x86.Deploy.0 = Debug|x86
		{329B1795-D8F5-4B6B-A9A0-E29AC7D50863}.Release|Any CPU.ActiveCfg = Release|x86
		{329B1795-D8F5-4B6B-A9A0-E29AC7D50863}.Release|ARM.ActiveCfg = Release|ARM
		{329B1795-D8F5-4B6B-A9A0-E29AC7D50863}.Release|ARM.Build.0 = Release|ARM
		{329B1795-D8F5-4B6B-A9A0-E29AC7D50863}.Release|ARM.Deploy.0 = Release|ARM
		{329B1795-D8F5-4B6B-A9A0-E29AC7D50863}.Release|x64.ActiveCfg = Release|x64
		{329B1795-D8F5-4B6B-A9A0-E29AC7D50863}.Release|x64.Build.0 = Release|x64
		{329B1795-D8F5-4B6B-A9A0-E29AC7D50863}.Release|x64.Deploy.0 = Release|x64
		{329B1795-D8F5-4B6B-A9A0-E29AC7D50863}.Release|x86.ActiveCfg = Release|x86
		{329B1795-D8F5-4B6B-A9A0-E29AC7D50863}.Release|x86.Build.0 = Release|x86
		{329B1795-D8F5-4B6B-A9A0-E29AC7D50863}.Release|x86.Deploy.0 = Release|x86
	EndGlobalSection
	GlobalSection(SolutionProperties) = preSolution
		HideSolutionNode = FALSE
	EndGlobalSection
EndGlobal
